
Microsoft Visual Studio Solution File, Format Version 12.00
# Visual Studio 15
VisualStudioVersion = 15.0.27130.2024
MinimumVisualStudioVersion = 10.0.40219.1
Project("{F184B08F-C81C-45F6-A57F-5ABD9991F28F}") = "DeleteFacebookActivity", "DeleteFacebookActivity\DeleteFacebookActivity.vbproj", "{61F6C480-1169-4EA4-A2AA-41F540682EFF}"
EndProject
Global
	GlobalSection(SolutionConfigurationPlatforms) = preSolution
		Debug|Any CPU = Debug|Any CPU
		Release|Any CPU = Release|Any CPU
	EndGlobalSection
	GlobalSection(ProjectConfigurationPlatforms) = postSolution
		{61F6C480-1169-4EA4-A2AA-41F540682EFF}.Debug|Any CPU.ActiveCfg = Debug|Any CPU
		{61F6C480-1169-4EA4-A2AA-41F540682EFF}.Debug|Any CPU.Build.0 = Debug|Any CPU
		{61F6C480-1169-4EA4-A2AA-41F540682EFF}.Release|Any CPU.ActiveCfg = Release|Any CPU
		{61F6C480-1169-4EA4-A2AA-41F540682EFF}.Release|Any CPU.Build.0 = Release|Any CPU
	EndGlobalSection
	GlobalSection(SolutionProperties) = preSolution
		HideSolutionNode = FALSE
	EndGlobalSection
	GlobalSection(ExtensibilityGlobals) = postSolution
		SolutionGuid = {4A7D4AD9-3A11-4A8D-A32C-B33BFCD4877E}
	EndGlobalSection
EndGlobal
